
Microsoft Visual Studio Solution File, Format Version 12.00
# Visual Studio 15
VisualStudioVersion = 15.0.26730.3
MinimumVisualStudioVersion = 10.0.40219.1
Project("{2150E333-8FDC-42A3-9474-1A3956D46DE8}") = "src", "src", "{6E11F207-6C6C-4C94-80F2-DB12D186D099}"
EndProject
Project("{2150E333-8FDC-42A3-9474-1A3956D46DE8}") = "MedStaffConsult.Storage", "MedStaffConsult.Storage", "{F954C61F-4EAB-4987-BF63-E118C95DEDFC}"
EndProject
Project("{2150E333-8FDC-42A3-9474-1A3956D46DE8}") = "MedStaffConsult.Domain", "MedStaffConsult.Domain", "{D7D0384C-6A5E-47DF-B37B-0FCCF7D9AF33}"
EndProject
Project("{2150E333-8FDC-42A3-9474-1A3956D46DE8}") = "MedStaffConsult.Interface", "MedStaffConsult.Interface", "{2CF63618-7704-4FE8-9A19-447484ECEFDB}"
EndProject
Project("{2150E333-8FDC-42A3-9474-1A3956D46DE8}") = "MedStaffConsult.Business", "MedStaffConsult.Business", "{77CBBDBD-643E-4FD5-80B2-7A80D5AA8F91}"
EndProject
Project("{9A19103F-16F7-4668-BE54-9A1E7A4F7556}") = "MedStaffConsult.Models", "MedStaffConsult.Domain\MedStaffConsult.Models\MedStaffConsult.Models.csproj", "{850E17F3-BC83-4CE8-BE2E-13B7BC119DD5}"
EndProject
Project("{9A19103F-16F7-4668-BE54-9A1E7A4F7556}") = "MedStaffConsult.Web", "MedStaffConsult.Interface\MedStaffConsult.Web\MedStaffConsult.Web.csproj", "{BBBC810F-E693-4403-A690-1E8FD99ECE56}"
EndProject
Project("{9A19103F-16F7-4668-BE54-9A1E7A4F7556}") = "MedStaffConsult.Web.TagHelper", "MedStaffConsult.Interface\MedStaffConsult.Web.TagHelper\MedStaffConsult.Web.TagHelper.csproj", "{ECD17C20-B6AD-4392-9C8C-D1BC07FEEA4E}"
EndProject
Project("{9A19103F-16F7-4668-BE54-9A1E7A4F7556}") = "MedStaffConsult.Storage.Abstraction", "MedStaffConsult.Storage\MedStaffConsult.Storage.Abstraction\MedStaffConsult.Storage.Abstraction.csproj", "{D4011974-8CC9-4F08-84CE-A3FE5D29F8F3}"
EndProject
Project("{9A19103F-16F7-4668-BE54-9A1E7A4F7556}") = "MedStaffConsult.Storage.Implementation", "MedStaffConsult.Storage\MedStaffConsult.Storage.Implementation\MedStaffConsult.Storage.Implementation.csproj", "{86B99D2F-F028-44F9-9AB8-55E1FC2AA89E}"
EndProject
Global
	GlobalSection(SolutionConfigurationPlatforms) = preSolution
		Debug|Any CPU = Debug|Any CPU
		Release|Any CPU = Release|Any CPU
	EndGlobalSection
	GlobalSection(ProjectConfigurationPlatforms) = postSolution
		{850E17F3-BC83-4CE8-BE2E-13B7BC119DD5}.Debug|Any CPU.ActiveCfg = Debug|Any CPU
		{850E17F3-BC83-4CE8-BE2E-13B7BC119DD5}.Debug|Any CPU.Build.0 = Debug|Any CPU
		{850E17F3-BC83-4CE8-BE2E-13B7BC119DD5}.Release|Any CPU.ActiveCfg = Release|Any CPU
		{850E17F3-BC83-4CE8-BE2E-13B7BC119DD5}.Release|Any CPU.Build.0 = Release|Any CPU
		{BBBC810F-E693-4403-A690-1E8FD99ECE56}.Debug|Any CPU.ActiveCfg = Debug|Any CPU
		{BBBC810F-E693-4403-A690-1E8FD99ECE56}.Debug|Any CPU.Build.0 = Debug|Any CPU
		{BBBC810F-E693-4403-A690-1E8FD99ECE56}.Release|Any CPU.ActiveCfg = Release|Any CPU
		{BBBC810F-E693-4403-A690-1E8FD99ECE56}.Release|Any CPU.Build.0 = Release|Any CPU
		{ECD17C20-B6AD-4392-9C8C-D1BC07FEEA4E}.Debug|Any CPU.ActiveCfg = Debug|Any CPU
		{ECD17C20-B6AD-4392-9C8C-D1BC07FEEA4E}.Debug|Any CPU.Build.0 = Debug|Any CPU
		{ECD17C20-B6AD-4392-9C8C-D1BC07FEEA4E}.Release|Any CPU.ActiveCfg = Release|Any CPU
		{ECD17C20-B6AD-4392-9C8C-D1BC07FEEA4E}.Release|Any CPU.Build.0 = Release|Any CPU
		{D4011974-8CC9-4F08-84CE-A3FE5D29F8F3}.Debug|Any CPU.ActiveCfg = Debug|Any CPU
		{D4011974-8CC9-4F08-84CE-A3FE5D29F8F3}.Debug|Any CPU.Build.0 = Debug|Any CPU
		{D4011974-8CC9-4F08-84CE-A3FE5D29F8F3}.Release|Any CPU.ActiveCfg = Release|Any CPU
		{D4011974-8CC9-4F08-84CE-A3FE5D29F8F3}.Release|Any CPU.Build.0 = Release|Any CPU
		{86B99D2F-F028-44F9-9AB8-55E1FC2AA89E}.Debug|Any CPU.ActiveCfg = Debug|Any CPU
		{86B99D2F-F028-44F9-9AB8-55E1FC2AA89E}.Debug|Any CPU.Build.0 = Debug|Any CPU
		{86B99D2F-F028-44F9-9AB8-55E1FC2AA89E}.Release|Any CPU.ActiveCfg = Release|Any CPU
		{86B99D2F-F028-44F9-9AB8-55E1FC2AA89E}.Release|Any CPU.Build.0 = Release|Any CPU
	EndGlobalSection
	GlobalSection(SolutionProperties) = preSolution
		HideSolutionNode = FALSE
	EndGlobalSection
	GlobalSection(NestedProjects) = preSolution
		{F954C61F-4EAB-4987-BF63-E118C95DEDFC} = {6E11F207-6C6C-4C94-80F2-DB12D186D099}
		{D7D0384C-6A5E-47DF-B37B-0FCCF7D9AF33} = {6E11F207-6C6C-4C94-80F2-DB12D186D099}
		{2CF63618-7704-4FE8-9A19-447484ECEFDB} = {6E11F207-6C6C-4C94-80F2-DB12D186D099}
		{77CBBDBD-643E-4FD5-80B2-7A80D5AA8F91} = {6E11F207-6C6C-4C94-80F2-DB12D186D099}
		{850E17F3-BC83-4CE8-BE2E-13B7BC119DD5} = {D7D0384C-6A5E-47DF-B37B-0FCCF7D9AF33}
		{BBBC810F-E693-4403-A690-1E8FD99ECE56} = {2CF63618-7704-4FE8-9A19-447484ECEFDB}
		{ECD17C20-B6AD-4392-9C8C-D1BC07FEEA4E} = {2CF63618-7704-4FE8-9A19-447484ECEFDB}
		{D4011974-8CC9-4F08-84CE-A3FE5D29F8F3} = {F954C61F-4EAB-4987-BF63-E118C95DEDFC}
		{86B99D2F-F028-44F9-9AB8-55E1FC2AA89E} = {F954C61F-4EAB-4987-BF63-E118C95DEDFC}
	EndGlobalSection
	GlobalSection(ExtensibilityGlobals) = postSolution
		SolutionGuid = {67281BB2-C816-465A-94BF-3A04D0C972BC}
	EndGlobalSection
EndGlobal
